
Microsoft Visual Studio Solution File, Format Version 12.00
# Visual Studio Version 17
VisualStudioVersion = 17.4.33103.184
MinimumVisualStudioVersion = 10.0.40219.1
Project("{FAE04EC0-301F-11D3-BF4B-00C04F79EFBC}") = "OpenWeatherMapAPIExercise", "OpenWeatherMapAPIExercise\OpenWeatherMapAPIExercise.csproj", "{DFC0CB27-0A39-48B0-8334-298B85A9E960}"
EndProject
Global
	GlobalSection(SolutionConfigurationPlatforms) = preSolution
		Debug|Any CPU = Debug|Any CPU
		Release|Any CPU = Release|Any CPU
	EndGlobalSection
	GlobalSection(ProjectConfigurationPlatforms) = postSolution
		{DFC0CB27-0A39-48B0-8334-298B85A9E960}.Debug|Any CPU.ActiveCfg = Debug|Any CPU
		{DFC0CB27-0A39-48B0-8334-298B85A9E960}.Debug|Any CPU.Build.0 = Debug|Any CPU
		{DFC0CB27-0A39-48B0-8334-298B85A9E960}.Release|Any CPU.ActiveCfg = Release|Any CPU
		{DFC0CB27-0A39-48B0-8334-298B85A9E960}.Release|Any CPU.Build.0 = Release|Any CPU
	EndGlobalSection
	GlobalSection(SolutionProperties) = preSolution
		HideSolutionNode = FALSE
	EndGlobalSection
	GlobalSection(ExtensibilityGlobals) = postSolution
		SolutionGuid = {EC09DDCB-E326-41F9-8D5D-EF471F377BC0}
	EndGlobalSection
EndGlobal
