
Microsoft Visual Studio Solution File, Format Version 12.00
# Visual Studio Version 17
VisualStudioVersion = 17.4.33103.184
MinimumVisualStudioVersion = 10.0.40219.1
Project("{FAE04EC0-301F-11D3-BF4B-00C04F79EFBC}") = "OpenWeatherMapAPIExercise", "OpenWeatherMapAPIExercise\OpenWeatherMapAPIExercise.csproj", "{D138085F-4D50-4854-8BD7-E4D6BF44D1DC}"
EndProject
Global
	GlobalSection(SolutionConfigurationPlatforms) = preSolution
		Debug|Any CPU = Debug|Any CPU
		Release|Any CPU = Release|Any CPU
	EndGlobalSection
	GlobalSection(ProjectConfigurationPlatforms) = postSolution
		{D138085F-4D50-4854-8BD7-E4D6BF44D1DC}.Debug|Any CPU.ActiveCfg = Debug|Any CPU
		{D138085F-4D50-4854-8BD7-E4D6BF44D1DC}.Debug|Any CPU.Build.0 = Debug|Any CPU
		{D138085F-4D50-4854-8BD7-E4D6BF44D1DC}.Release|Any CPU.ActiveCfg = Release|Any CPU
		{D138085F-4D50-4854-8BD7-E4D6BF44D1DC}.Release|Any CPU.Build.0 = Release|Any CPU
	EndGlobalSection
	GlobalSection(SolutionProperties) = preSolution
		HideSolutionNode = FALSE
	EndGlobalSection
	GlobalSection(ExtensibilityGlobals) = postSolution
		SolutionGuid = {B3DDEE8E-B60D-4424-8460-E288871F59F1}
	EndGlobalSection
EndGlobal
